# THIS IS AN AUTOGENERATED FILE. DO NOT EDIT THIS FILE DIRECTLY.
# yarn lockfile v1


"@discordjs/collection@^0.1.5":
  version "0.1.5"
  resolved "https://registry.npm.es.ebay.com/@/@discordjs/collection/_attachments/collection-0.1.5.tgz#1781c620b4c88d619bd0373a1548e5a6025e3d3a"

abort-controller@^3.0.0:
  version "3.0.0"
  resolved "https://registry.npm.es.ebay.com/a/abort-controller/_attachments/abort-controller-3.0.0.tgz#eaf54d53b62bae4138e809ca225c8439a6efb392"
  dependencies:
    event-target-shim "^5.0.0"

asynckit@^0.4.0:
  version "0.4.0"
  resolved "https://registry.npm.es.ebay.com/a/asynckit/_attachments/asynckit-0.4.0.tgz#c79ed97f7f34cb8f2ba1bc9790bcc366474b4b79"

combined-stream@^1.0.8:
  version "1.0.8"
  resolved "https://registry.npm.es.ebay.com/c/combined-stream/_attachments/combined-stream-1.0.8.tgz#c3d45a8b34fd730631a110a8a2520682b31d5a7f"
  dependencies:
    delayed-stream "~1.0.0"

delayed-stream@~1.0.0:
  version "1.0.0"
  resolved "https://registry.npm.es.ebay.com/d/delayed-stream/_attachments/delayed-stream-1.0.0.tgz#df3ae199acadfb7d440aaae0b29e2272b24ec619"

discord.js@12.1.1:
  version "12.1.1"
  resolved "https://registry.npm.es.ebay.com/d/discord.js/_attachments/discord.js-12.1.1.tgz#440043ab5a09d66311e8b975acd31bea4f8ed227"
  dependencies:
    "@discordjs/collection" "^0.1.5"
    abort-controller "^3.0.0"
    form-data "^3.0.0"
    node-fetch "^2.6.0"
    prism-media "^1.2.0"
    setimmediate "^1.0.5"
    tweetnacl "^1.0.3"
    ws "^7.2.1"

event-target-shim@^5.0.0:
  version "5.0.1"
  resolved "https://registry.npm.es.ebay.com/e/event-target-shim/_attachments/event-target-shim-5.0.1.tgz#5d4d3ebdf9583d63a5333ce2deb7480ab2b05789"

form-data@^3.0.0:
  version "3.0.0"
  resolved "https://registry.npm.es.ebay.com/f/form-data/_attachments/form-data-3.0.0.tgz#31b7e39c85f1355b7139ee0c647cf0de7f83c682"
  dependencies:
    asynckit "^0.4.0"
    combined-stream "^1.0.8"
    mime-types "^2.1.12"

mime-db@1.43.0:
  version "1.43.0"
  resolved "https://registry.npm.es.ebay.com/m/mime-db/_attachments/mime-db-1.43.0.tgz#0a12e0502650e473d735535050e7c8f4eb4fae58"

mime-types@^2.1.12:
  version "2.1.26"
  resolved "https://registry.npm.es.ebay.com/m/mime-types/_attachments/mime-types-2.1.26.tgz#9c921fc09b7e149a65dfdc0da4d20997200b0a06"
  dependencies:
    mime-db "1.43.0"

node-fetch@^2.1.1, node-fetch@^2.6.0:
  version "2.6.0"
  resolved "https://registry.npm.es.ebay.com/n/node-fetch/_attachments/node-fetch-2.6.0.tgz#e633456386d4aa55863f676a7ab0daa8fdecb0fd"

prism-media@^1.2.0:
  version "1.2.1"
  resolved "https://registry.npm.es.ebay.com/p/prism-media/_attachments/prism-media-1.2.1.tgz#168f323712bcaacb1d70ae613bf9d9dc44cf43d4"

setimmediate@^1.0.5:
  version "1.0.5"
  resolved "https://registry.npm.es.ebay.com/s/setimmediate/_attachments/setimmediate-1.0.5.tgz#290cbb232e306942d7d7ea9b83732ab7856f8285"

tweetnacl@^1.0.3:
  version "1.0.3"
  resolved "https://registry.npm.es.ebay.com/t/tweetnacl/_attachments/tweetnacl-1.0.3.tgz#ac0af71680458d8a6378d0d0d050ab1407d35596"

ws@^7.2.1:
  version "7.5.9"
  resolved "https://registry.yarnpkg.com/ws/-/ws-7.5.9.tgz#54fa7db29f4c7cec68b1ddd3a89de099942bb591"
